
Microsoft Visual Studio Solution File, Format Version 12.00
# Visual Studio 15
VisualStudioVersion = 15.0.26403.3
MinimumVisualStudioVersion = 10.0.40219.1
Project("{2150E333-8FDC-42A3-9474-1A3956D46DE8}") = ".Net 4.5", ".Net 4.5", "{AE0C9F53-3F9B-48FA-862F-1080F8A5D172}"
EndProject
Project("{2150E333-8FDC-42A3-9474-1A3956D46DE8}") = ".Net Core", ".Net Core", "{14D5AB57-4404-46A8-B523-724060BB7DA0}"
EndProject
Project("{2150E333-8FDC-42A3-9474-1A3956D46DE8}") = "SolutionItems", "SolutionItems", "{909F3691-1D4F-4F86-BCAB-65BC62A1D5F6}"
	ProjectSection(SolutionItems) = preProject
		CHANGELOG = CHANGELOG
	EndProjectSection
EndProject
Project("{FAE04EC0-301F-11D3-BF4B-00C04F79EFBC}") = "SeriesIDParser", "SeriesIDParser\SeriesIDParser.csproj", "{D584FD1D-63D3-4FE2-A229-7F01E7A93797}"
EndProject
Project("{FAE04EC0-301F-11D3-BF4B-00C04F79EFBC}") = "SeriesIDParser.Test", "SeriesIDParser.Test\SeriesIDParser.Test.csproj", "{6F30FEEF-A65B-4E54-8014-AD9FC2D440CC}"
	ProjectSection(ProjectDependencies) = postProject
		{D584FD1D-63D3-4FE2-A229-7F01E7A93797} = {D584FD1D-63D3-4FE2-A229-7F01E7A93797}
	EndProjectSection
EndProject
Project("{FAE04EC0-301F-11D3-BF4B-00C04F79EFBC}") = "SeriesIDParser.WinForm.Demo", "SeriesIDParser.WinForm.Demo\SeriesIDParser.WinForm.Demo.csproj", "{3A90193D-8664-42CD-B49D-DCD2B9E6CB4D}"
	ProjectSection(ProjectDependencies) = postProject
		{D584FD1D-63D3-4FE2-A229-7F01E7A93797} = {D584FD1D-63D3-4FE2-A229-7F01E7A93797}
	EndProjectSection
EndProject
Project("{9A19103F-16F7-4668-BE54-9A1E7A4F7556}") = "SeriesIDParserCore", "SeriesIDParserCore\SeriesIDParserCore.csproj", "{958064FF-C77F-478C-9243-3E374D2BDAC0}"
EndProject
Project("{9A19103F-16F7-4668-BE54-9A1E7A4F7556}") = "SeriesIDParserCore.Console.Demo", "SeriesIDParserCore.Console.Demo\SeriesIDParserCore.Console.Demo.csproj", "{D7D1B627-B679-4C4A-9353-EF23A6FD37CA}"
EndProject
Global
	GlobalSection(SolutionConfigurationPlatforms) = preSolution
		Debug|Any CPU = Debug|Any CPU
		Release|Any CPU = Release|Any CPU
	EndGlobalSection
	GlobalSection(ProjectConfigurationPlatforms) = postSolution
		{D584FD1D-63D3-4FE2-A229-7F01E7A93797}.Debug|Any CPU.ActiveCfg = Debug|Any CPU
		{D584FD1D-63D3-4FE2-A229-7F01E7A93797}.Debug|Any CPU.Build.0 = Debug|Any CPU
		{D584FD1D-63D3-4FE2-A229-7F01E7A93797}.Release|Any CPU.ActiveCfg = Release|Any CPU
		{D584FD1D-63D3-4FE2-A229-7F01E7A93797}.Release|Any CPU.Build.0 = Release|Any CPU
		{6F30FEEF-A65B-4E54-8014-AD9FC2D440CC}.Debug|Any CPU.ActiveCfg = Debug|Any CPU
		{6F30FEEF-A65B-4E54-8014-AD9FC2D440CC}.Debug|Any CPU.Build.0 = Debug|Any CPU
		{6F30FEEF-A65B-4E54-8014-AD9FC2D440CC}.Release|Any CPU.ActiveCfg = Release|Any CPU
		{6F30FEEF-A65B-4E54-8014-AD9FC2D440CC}.Release|Any CPU.Build.0 = Release|Any CPU
		{3A90193D-8664-42CD-B49D-DCD2B9E6CB4D}.Debug|Any CPU.ActiveCfg = Debug|Any CPU
		{3A90193D-8664-42CD-B49D-DCD2B9E6CB4D}.Debug|Any CPU.Build.0 = Debug|Any CPU
		{3A90193D-8664-42CD-B49D-DCD2B9E6CB4D}.Release|Any CPU.ActiveCfg = Release|Any CPU
		{3A90193D-8664-42CD-B49D-DCD2B9E6CB4D}.Release|Any CPU.Build.0 = Release|Any CPU
		{958064FF-C77F-478C-9243-3E374D2BDAC0}.Debug|Any CPU.ActiveCfg = Debug|Any CPU
		{958064FF-C77F-478C-9243-3E374D2BDAC0}.Debug|Any CPU.Build.0 = Debug|Any CPU
		{958064FF-C77F-478C-9243-3E374D2BDAC0}.Release|Any CPU.ActiveCfg = Release|Any CPU
		{958064FF-C77F-478C-9243-3E374D2BDAC0}.Release|Any CPU.Build.0 = Release|Any CPU
		{D7D1B627-B679-4C4A-9353-EF23A6FD37CA}.Debug|Any CPU.ActiveCfg = Debug|Any CPU
		{D7D1B627-B679-4C4A-9353-EF23A6FD37CA}.Debug|Any CPU.Build.0 = Debug|Any CPU
		{D7D1B627-B679-4C4A-9353-EF23A6FD37CA}.Release|Any CPU.ActiveCfg = Release|Any CPU
		{D7D1B627-B679-4C4A-9353-EF23A6FD37CA}.Release|Any CPU.Build.0 = Release|Any CPU
	EndGlobalSection
	GlobalSection(SolutionProperties) = preSolution
		HideSolutionNode = FALSE
	EndGlobalSection
	GlobalSection(NestedProjects) = preSolution
		{D584FD1D-63D3-4FE2-A229-7F01E7A93797} = {AE0C9F53-3F9B-48FA-862F-1080F8A5D172}
		{6F30FEEF-A65B-4E54-8014-AD9FC2D440CC} = {AE0C9F53-3F9B-48FA-862F-1080F8A5D172}
		{3A90193D-8664-42CD-B49D-DCD2B9E6CB4D} = {AE0C9F53-3F9B-48FA-862F-1080F8A5D172}
		{958064FF-C77F-478C-9243-3E374D2BDAC0} = {14D5AB57-4404-46A8-B523-724060BB7DA0}
		{D7D1B627-B679-4C4A-9353-EF23A6FD37CA} = {14D5AB57-4404-46A8-B523-724060BB7DA0}
	EndGlobalSection
EndGlobal
